// !$*UTF8*$!
{
	archiveVersion = 1;
	classes = {
	};
	objectVersion = 46;
	objects = {

/* Begin PBXBuildFile section */
		7AB36EF61CCBE96D005CF237 /* AppDelegate.swift in Sources */ = {isa = PBXBuildFile; fileRef = 7AB36EF51CCBE96D005CF237 /* AppDelegate.swift */; };
		7AB36EF81CCBE96D005CF237 /* ViewController.swift in Sources */ = {isa = PBXBuildFile; fileRef = 7AB36EF71CCBE96D005CF237 /* ViewController.swift */; };
		7AB36EFB1CCBE96D005CF237 /* Main.storyboard in Resources */ = {isa = PBXBuildFile; fileRef = 7AB36EF91CCBE96D005CF237 /* Main.storyboard */; };
		7AB36EFE1CCBE96D005CF237 /* AirCheck.xcdatamodeld in Sources */ = {isa = PBXBuildFile; fileRef = 7AB36EFC1CCBE96D005CF237 /* AirCheck.xcdatamodeld */; };
		7AB36F001CCBE96D005CF237 /* Assets.xcassets in Resources */ = {isa = PBXBuildFile; fileRef = 7AB36EFF1CCBE96D005CF237 /* Assets.xcassets */; };
		7AB36F031CCBE96D005CF237 /* LaunchScreen.storyboard in Resources */ = {isa = PBXBuildFile; fileRef = 7AB36F011CCBE96D005CF237 /* LaunchScreen.storyboard */; };
		7AB36F0E1CCBE96E005CF237 /* AirCheckTests.swift in Sources */ = {isa = PBXBuildFile; fileRef = 7AB36F0D1CCBE96E005CF237 /* AirCheckTests.swift */; };
/* End PBXBuildFile section */

/* Begin PBXContainerItemProxy section */
		7AB36F0A1CCBE96E005CF237 /* PBXContainerItemProxy */ = {
			isa = PBXContainerItemProxy;
			containerPortal = 7AB36EEA1CCBE96D005CF237 /* Project object */;
			proxyType = 1;
			remoteGlobalIDString = 7AB36EF11CCBE96D005CF237;
			remoteInfo = AirCheck;
		};
/* End PBXContainerItemProxy section */

/* Begin PBXFileReference section */
		7AB36EF21CCBE96D005CF237 /* AirCheck.app */ = {isa = PBXFileReference; explicitFileType = wrapper.application; includeInIndex = 0; path = AirCheck.app; sourceTree = BUILT_PRODUCTS_DIR; };
		7AB36EF51CCBE96D005CF237 /* AppDelegate.swift */ = {isa = PBXFileReference; lastKnownFileType = sourcecode.swift; path = AppDelegate.swift; sourceTree = "<group>"; };
		7AB36EF71CCBE96D005CF237 /* ViewController.swift */ = {isa = PBXFileReference; lastKnownFileType = sourcecode.swift; path = ViewController.swift; sourceTree = "<group>"; };
		7AB36EFA1CCBE96D005CF237 /* Base */ = {isa = PBXFileReference; lastKnownFileType = file.storyboard; name = Base; path = Base.lproj/Main.storyboard; sourceTree = "<group>"; };
		7AB36EFD1CCBE96D005CF237 /* AirCheck.xcdatamodel */ = {isa = PBXFileReference; lastKnownFileType = wrapper.xcdatamodel; path = AirCheck.xcdatamodel; sourceTree = "<group>"; };
		7AB36EFF1CCBE96D005CF237 /* Assets.xcassets */ = {isa = PBXFileReference; lastKnownFileType = folder.assetcatalog; path = Assets.xcassets; sourceTree = "<group>"; };
		7AB36F021CCBE96D005CF237 /* Base */ = {isa = PBXFileReference; lastKnownFileType = file.storyboard; name = Base; path = Base.lproj/LaunchScreen.storyboard; sourceTree = "<group>"; };
		7AB36F041CCBE96D005CF237 /* Info.plist */ = {isa = PBXFileReference; lastKnownFileType = text.plist.xml; path = Info.plist; sourceTree = "<group>"; };
		7AB36F091CCBE96E005CF237 /* AirCheckTests.xctest */ = {isa = PBXFileReference; explicitFileType = wrapper.cfbundle; includeInIndex = 0; path = AirCheckTests.xctest; sourceTree = BUILT_PRODUCTS_DIR; };
		7AB36F0D1CCBE96E005CF237 /* AirCheckTests.swift */ = {isa = PBXFileReference; lastKnownFileType = sourcecode.swift; path = AirCheckTests.swift; sourceTree = "<group>"; };
		7AB36F0F1CCBE96E005CF237 /* Info.plist */ = {isa = PBXFileReference; lastKnownFileType = text.plist.xml; path = Info.plist; sourceTree = "<group>"; };
/* End PBXFileReference section */

/* Begin PBXFrameworksBuildPhase section */
		7AB36EEF1CCBE96D005CF237 /* Frameworks */ = {
			isa = PBXFrameworksBuildPhase;
			buildActionMask = 2147483647;
			files = (
			);
			runOnlyForDeploymentPostprocessing = 0;
		};
		7AB36F061CCBE96E005CF237 /* Frameworks */ = {
			isa = PBXFrameworksBuildPhase;
			buildActionMask = 2147483647;
			files = (
			);
			runOnlyForDeploymentPostprocessing = 0;
		};
/* End PBXFrameworksBuildPhase section */

/* Begin PBXGroup section */
		7AB36EE91CCBE96D005CF237 = {
			isa = PBXGroup;
			children = (
				7AB36EF41CCBE96D005CF237 /* AirCheck */,
				7AB36F0C1CCBE96E005CF237 /* AirCheckTests */,
				7AB36EF31CCBE96D005CF237 /* Products */,
			);
			sourceTree = "<group>";
		};
		7AB36EF31CCBE96D005CF237 /* Products */ = {
			isa = PBXGroup;
			children = (
				7AB36EF21CCBE96D005CF237 /* AirCheck.app */,
				7AB36F091CCBE96E005CF237 /* AirCheckTests.xctest */,
			);
			name = Products;
			sourceTree = "<group>";
		};
		7AB36EF41CCBE96D005CF237 /* AirCheck */ = {
			isa = PBXGroup;
			children = (
				7AB36EF51CCBE96D005CF237 /* AppDelegate.swift */,
				7AB36EF71CCBE96D005CF237 /* ViewController.swift */,
				7AB36EF91CCBE96D005CF237 /* Main.storyboard */,
				7AB36EFF1CCBE96D005CF237 /* Assets.xcassets */,
				7AB36F011CCBE96D005CF237 /* LaunchScreen.storyboard */,
				7AB36F041CCBE96D005CF237 /* Info.plist */,
				7AB36EFC1CCBE96D005CF237 /* AirCheck.xcdatamodeld */,
			);
			path = AirCheck;
			sourceTree = "<group>";
		};
		7AB36F0C1CCBE96E005CF237 /* AirCheckTests */ = {
			isa = PBXGroup;
			children = (
				7AB36F0D1CCBE96E005CF237 /* AirCheckTests.swift */,
				7AB36F0F1CCBE96E005CF237 /* Info.plist */,
			);
			path = AirCheckTests;
			sourceTree = "<group>";
		};
/* End PBXGroup section */

/* Begin PBXNativeTarget section */
		7AB36EF11CCBE96D005CF237 /* AirCheck */ = {
			isa = PBXNativeTarget;
			buildConfigurationList = 7AB36F121CCBE96E005CF237 /* Build configuration list for PBXNativeTarget "AirCheck" */;
			buildPhases = (
				7AB36EEE1CCBE96D005CF237 /* Sources */,
				7AB36EEF1CCBE96D005CF237 /* Frameworks */,
				7AB36EF01CCBE96D005CF237 /* Resources */,
			);
			buildRules = (
			);
			dependencies = (
			);
			name = AirCheck;
			productName = AirCheck;
			productReference = 7AB36EF21CCBE96D005CF237 /* AirCheck.app */;
			productType = "com.apple.product-type.application";
		};
		7AB36F081CCBE96E005CF237 /* AirCheckTests */ = {
			isa = PBXNativeTarget;
			buildConfigurationList = 7AB36F151CCBE96E005CF237 /* Build configuration list for PBXNativeTarget "AirCheckTests" */;
			buildPhases = (
				7AB36F051CCBE96E005CF237 /* Sources */,
				7AB36F061CCBE96E005CF237 /* Frameworks */,
				7AB36F071CCBE96E005CF237 /* Resources */,
			);
			buildRules = (
			);
			dependencies = (
				7AB36F0B1CCBE96E005CF237 /* PBXTargetDependency */,
			);
			name = AirCheckTests;
			productName = AirCheckTests;
			productReference = 7AB36F091CCBE96E005CF237 /* AirCheckTests.xctest */;
			productType = "com.apple.product-type.bundle.unit-test";
		};
/* End PBXNativeTarget section */

/* Begin PBXProject section */
		7AB36EEA1CCBE96D005CF237 /* Project object */ = {
			isa = PBXProject;
			attributes = {
				LastSwiftUpdateCheck = 0720;
				LastUpgradeCheck = 0720;
				ORGANIZATIONNAME = aircheck;
				TargetAttributes = {
					7AB36EF11CCBE96D005CF237 = {
						CreatedOnToolsVersion = 7.2.1;
					};
					7AB36F081CCBE96E005CF237 = {
						CreatedOnToolsVersion = 7.2.1;
						TestTargetID = 7AB36EF11CCBE96D005CF237;
					};
				};
			};
			buildConfigurationList = 7AB36EED1CCBE96D005CF237 /* Build configuration list for PBXProject "AirCheck" */;
			compatibilityVersion = "Xcode 3.2";
			developmentRegion = English;
			hasScannedForEncodings = 0;
			knownRegions = (
				en,
				Base,
			);
			mainGroup = 7AB36EE91CCBE96D005CF237;
			productRefGroup = 7AB36EF31CCBE96D005CF237 /* Products */;
			projectDirPath = "";
			projectRoot = "";
			targets = (
				7AB36EF11CCBE96D005CF237 /* AirCheck */,
				7AB36F081CCBE96E005CF237 /* AirCheckTests */,
			);
		};
/* End PBXProject section */

/* Begin PBXResourcesBuildPhase section */
		7AB36EF01CCBE96D005CF237 /* Resources */ = {
			isa = PBXResourcesBuildPhase;
			buildActionMask = 2147483647;
			files = (
				7AB36F031CCBE96D005CF237 /* LaunchScreen.storyboard in Resources */,
				7AB36F001CCBE96D005CF237 /* Assets.xcassets in Resources */,
				7AB36EFB1CCBE96D005CF237 /* Main.storyboard in Resources */,
			);
			runOnlyForDeploymentPostprocessing = 0;
		};
		7AB36F071CCBE96E005CF237 /* Resources */ = {
			isa = PBXResourcesBuildPhase;
			buildActionMask = 2147483647;
			files = (
			);
			runOnlyForDeploymentPostprocessing = 0;
		};
/* End PBXResourcesBuildPhase section */

/* Begin PBXSourcesBuildPhase section */
		7AB36EEE1CCBE96D005CF237 /* Sources */ = {
			isa = PBXSourcesBuildPhase;
			buildActionMask = 2147483647;
			files = (
				7AB36EF81CCBE96D005CF237 /* ViewController.swift in Sources */,
				7AB36EF61CCBE96D005CF237 /* AppDelegate.swift in Sources */,
				7AB36EFE1CCBE96D005CF237 /* AirCheck.xcdatamodeld in Sources */,
			);
			runOnlyForDeploymentPostprocessing = 0;
		};
		7AB36F051CCBE96E005CF237 /* Sources */ = {
			isa = PBXSourcesBuildPhase;
			buildActionMask = 2147483647;
			files = (
				7AB36F0E1CCBE96E005CF237 /* AirCheckTests.swift in Sources */,
			);
			runOnlyForDeploymentPostprocessing = 0;
		};
/* End PBXSourcesBuildPhase section */

/* Begin PBXTargetDependency section */
		7AB36F0B1CCBE96E005CF237 /* PBXTargetDependency */ = {
			isa = PBXTargetDependency;
			target = 7AB36EF11CCBE96D005CF237 /* AirCheck */;
			targetProxy = 7AB36F0A1CCBE96E005CF237 /* PBXContainerItemProxy */;
		};
/* End PBXTargetDependency section */

/* Begin PBXVariantGroup section */
		7AB36EF91CCBE96D005CF237 /* Main.storyboard */ = {
			isa = PBXVariantGroup;
			children = (
				7AB36EFA1CCBE96D005CF237 /* Base */,
			);
			name = Main.storyboard;
			sourceTree = "<group>";
		};
		7AB36F011CCBE96D005CF237 /* LaunchScreen.storyboard */ = {
			isa = PBXVariantGroup;
			children = (
				7AB36F021CCBE96D005CF237 /* Base */,
			);
			name = LaunchScreen.storyboard;
			sourceTree = "<group>";
		};
/* End PBXVariantGroup section */

/* Begin XCBuildConfiguration section */
		7AB36F101CCBE96E005CF237 /* Debug */ = {
			isa = XCBuildConfiguration;
			buildSettings = {
				ALWAYS_SEARCH_USER_PATHS = NO;
				CLANG_CXX_LANGUAGE_STANDARD = "gnu++0x";
				CLANG_CXX_LIBRARY = "libc++";
				CLANG_ENABLE_MODULES = YES;
				CLANG_ENABLE_OBJC_ARC = YES;
				CLANG_WARN_BOOL_CONVERSION = YES;
				CLANG_WARN_CONSTANT_CONVERSION = YES;
				CLANG_WARN_DIRECT_OBJC_ISA_USAGE = YES_ERROR;
				CLANG_WARN_EMPTY_BODY = YES;
				CLANG_WARN_ENUM_CONVERSION = YES;
				CLANG_WARN_INT_CONVERSION = YES;
				CLANG_WARN_OBJC_ROOT_CLASS = YES_ERROR;
				CLANG_WARN_UNREACHABLE_CODE = YES;
				CLANG_WARN__DUPLICATE_METHOD_MATCH = YES;
				"CODE_SIGN_IDENTITY[sdk=iphoneos*]" = "iPhone Developer";
				COPY_PHASE_STRIP = NO;
				DEBUG_INFORMATION_FORMAT = dwarf;
				ENABLE_STRICT_OBJC_MSGSEND = YES;
				ENABLE_TESTABILITY = YES;
				GCC_C_LANGUAGE_STANDARD = gnu99;
				GCC_DYNAMIC_NO_PIC = NO;
				GCC_NO_COMMON_BLOCKS = YES;
				GCC_OPTIMIZATION_LEVEL = 0;
				GCC_PREPROCESSOR_DEFINITIONS = (
					"DEBUG=1",
					"$(inherited)",
				);
				GCC_WARN_64_TO_32_BIT_CONVERSION = YES;
				GCC_WARN_ABOUT_RETURN_TYPE = YES_ERROR;
				GCC_WARN_UNDECLARED_SELECTOR = YES;
				GCC_WARN_UNINITIALIZED_AUTOS = YES_AGGRESSIVE;
				GCC_WARN_UNUSED_FUNCTION = YES;
				GCC_WARN_UNUSED_VARIABLE = YES;
				IPHONEOS_DEPLOYMENT_TARGET = 9.2;
				MTL_ENABLE_DEBUG_INFO = YES;
				ONLY_ACTIVE_ARCH = YES;
				SDKROOT = iphoneos;
				SWIFT_OPTIMIZATION_LEVEL = "-Onone";
			};
			name = Debug;
		};
		7AB36F111CCBE96E005CF237 /* Release */ = {
			isa = XCBuildConfiguration;
			buildSettings = {
				ALWAYS_SEARCH_USER_PATHS = NO;
				CLANG_CXX_LANGUAGE_STANDARD = "gnu++0x";
				CLANG_CXX_LIBRARY = "libc++";
				CLANG_ENABLE_MODULES = YES;
				CLANG_ENABLE_OBJC_ARC = YES;
				CLANG_WARN_BOOL_CONVERSION = YES;
				CLANG_WARN_CONSTANT_CONVERSION = YES;
				CLANG_WARN_DIRECT_OBJC_ISA_USAGE = YES_ERROR;
				CLANG_WARN_EMPTY_BODY = YES;
				CLANG_WARN_ENUM_CONVERSION = YES;
				CLANG_WARN_INT_CONVERSION = YES;
				CLANG_WARN_OBJC_ROOT_CLASS = YES_ERROR;
				CLANG_WARN_UNREACHABLE_CODE = YES;
				CLANG_WARN__DUPLICATE_METHOD_MATCH = YES;
				"CODE_SIGN_IDENTITY[sdk=iphoneos*]" = "iPhone Developer";
				COPY_PHASE_STRIP = NO;
				DEBUG_INFORMATION_FORMAT = "dwarf-with-dsym";
				ENABLE_NS_ASSERTIONS = NO;
				ENABLE_STRICT_OBJC_MSGSEND = YES;
				GCC_C_LANGUAGE_STANDARD = gnu99;
				GCC_NO_COMMON_BLOCKS = YES;
				GCC_WARN_64_TO_32_BIT_CONVERSION = YES;
				GCC_WARN_ABOUT_RETURN_TYPE = YES_ERROR;
				GCC_WARN_UNDECLARED_SELECTOR = YES;
				GCC_WARN_UNINITIALIZED_AUTOS = YES_AGGRESSIVE;
				GCC_WARN_UNUSED_FUNCTION = YES;
				GCC_WARN_UNUSED_VARIABLE = YES;
				IPHONEOS_DEPLOYMENT_TARGET = 9.2;
				MTL_ENABLE_DEBUG_INFO = NO;
				SDKROOT = iphoneos;
				VALIDATE_PRODUCT = YES;
			};
			name = Release;
		};
		7AB36F131CCBE96E005CF237 /* Debug */ = {
			isa = XCBuildConfiguration;
			buildSettings = {
				ASSETCATALOG_COMPILER_APPICON_NAME = AppIcon;
				INFOPLIST_FILE = AirCheck/Info.plist;
				LD_RUNPATH_SEARCH_PATHS = "$(inherited) @executable_path/Frameworks";
				PRODUCT_BUNDLE_IDENTIFIER = co.aircheck.AirCheck;
				PRODUCT_NAME = "$(TARGET_NAME)";
			};
			name = Debug;
		};
		7AB36F141CCBE96E005CF237 /* Release */ = {
			isa = XCBuildConfiguration;
			buildSettings = {
				ASSETCATALOG_COMPILER_APPICON_NAME = AppIcon;
				INFOPLIST_FILE = AirCheck/Info.plist;
				LD_RUNPATH_SEARCH_PATHS = "$(inherited) @executable_path/Frameworks";
				PRODUCT_BUNDLE_IDENTIFIER = co.aircheck.AirCheck;
				PRODUCT_NAME = "$(TARGET_NAME)";
			};
			name = Release;
		};
		7AB36F161CCBE96E005CF237 /* Debug */ = {
			isa = XCBuildConfiguration;
			buildSettings = {
				BUNDLE_LOADER = "$(TEST_HOST)";
				INFOPLIST_FILE = AirCheckTests/Info.plist;
				LD_RUNPATH_SEARCH_PATHS = "$(inherited) @executable_path/Frameworks @loader_path/Frameworks";
				PRODUCT_BUNDLE_IDENTIFIER = co.aircheck.AirCheckTests;
				PRODUCT_NAME = "$(TARGET_NAME)";
				TEST_HOST = "$(BUILT_PRODUCTS_DIR)/AirCheck.app/AirCheck";
			};
			name = Debug;
		};
		7AB36F171CCBE96E005CF237 /* Release */ = {
			isa = XCBuildConfiguration;
			buildSettings = {
				BUNDLE_LOADER = "$(TEST_HOST)";
				INFOPLIST_FILE = AirCheckTests/Info.plist;
				LD_RUNPATH_SEARCH_PATHS = "$(inherited) @executable_path/Frameworks @loader_path/Frameworks";
				PRODUCT_BUNDLE_IDENTIFIER = co.aircheck.AirCheckTests;
				PRODUCT_NAME = "$(TARGET_NAME)";
				TEST_HOST = "$(BUILT_PRODUCTS_DIR)/AirCheck.app/AirCheck";
			};
			name = Release;
		};
/* End XCBuildConfiguration section */

/* Begin XCConfigurationList section */
		7AB36EED1CCBE96D005CF237 /* Build configuration list for PBXProject "AirCheck" */ = {
			isa = XCConfigurationList;
			buildConfigurations = (
				7AB36F101CCBE96E005CF237 /* Debug */,
				7AB36F111CCBE96E005CF237 /* Release */,
			);
			defaultConfigurationIsVisible = 0;
			defaultConfigurationName = Release;
		};
		7AB36F121CCBE96E005CF237 /* Build configuration list for PBXNativeTarget "AirCheck" */ = {
			isa = XCConfigurationList;
			buildConfigurations = (
				7AB36F131CCBE96E005CF237 /* Debug */,
				7AB36F141CCBE96E005CF237 /* Release */,
			);
			defaultConfigurationIsVisible = 0;
		};
		7AB36F151CCBE96E005CF237 /* Build configuration list for PBXNativeTarget "AirCheckTests" */ = {
			isa = XCConfigurationList;
			buildConfigurations = (
				7AB36F161CCBE96E005CF237 /* Debug */,
				7AB36F171CCBE96E005CF237 /* Release */,
			);
			defaultConfigurationIsVisible = 0;
		};
/* End XCConfigurationList section */

/* Begin XCVersionGroup section */
		7AB36EFC1CCBE96D005CF237 /* AirCheck.xcdatamodeld */ = {
			isa = XCVersionGroup;
			children = (
				7AB36EFD1CCBE96D005CF237 /* AirCheck.xcdatamodel */,
			);
			currentVersion = 7AB36EFD1CCBE96D005CF237 /* AirCheck.xcdatamodel */;
			path = AirCheck.xcdatamodeld;
			sourceTree = "<group>";
			versionGroupType = wrapper.xcdatamodel;
		};
/* End XCVersionGroup section */
	};
	rootObject = 7AB36EEA1CCBE96D005CF237 /* Project object */;
}
